{
  "name": "@ids-react/ds-create-react-app",
  "version": "1.0.4",
  "lockfileVersion": 3,
  "requires": true,
  "packages": {
    "": {
      "name": "@ids-react/ds-create-react-app",
      "version": "1.0.4",
      "license": "ISC",
      "bin": {
        "create-react-template": "index.js"
      }
    }
  }
}
